
Microsoft Visual Studio Solution File, Format Version 12.00
Project("{FAE04EC0-301F-11D3-BF4B-00C04F79EFBC}") = "Gertec.Inventory.Management.WebApi", "src\Gertec.Inventory.Management.WebApi\Gertec.Inventory.Management.WebApi.csproj", "{B4C94C36-80D8-414A-92EA-ACA99250F7F3}"
EndProject
Project("{2150E333-8FDC-42A3-9474-1A3956D46DE8}") = "src", "src", "{FB8F2AEB-0C41-4192-AF6F-B607A2519A05}"
EndProject
Project("{2150E333-8FDC-42A3-9474-1A3956D46DE8}") = "tests", "tests", "{1F0054CC-318C-4E91-A602-11EA1DC70B73}"
EndProject
Project("{FAE04EC0-301F-11D3-BF4B-00C04F79EFBC}") = "Gertec.Inventory.Management.Domain", "src\Gertec.Inventory.Management.Domain\Gertec.Inventory.Management.Domain.csproj", "{8B9E4F5A-D80B-43DE-AD10-AFFE541F534A}"
EndProject
Project("{FAE04EC0-301F-11D3-BF4B-00C04F79EFBC}") = "Gertec.Inventory.Management.Infrastructure", "src\Gertec.Inventory.Management.Infrastructure\Gertec.Inventory.Management.Infrastructure.csproj", "{CC385A73-326B-4F9B-B30B-24C63A4589E5}"
EndProject
Project("{FAE04EC0-301F-11D3-BF4B-00C04F79EFBC}") = "Gertec.Inventory.Management.Application.QueryStack", "src\Gertec.Inventory.Management.Application.QueryStack\Gertec.Inventory.Management.Application.QueryStack.csproj", "{5D4E9D04-E82E-47BA-B7E0-38572B7889E1}"
EndProject
Project("{FAE04EC0-301F-11D3-BF4B-00C04F79EFBC}") = "Gertec.Inventory.Management.Application.CommandStack", "src\Gertec.Inventory.Management.Application.CommandStack\Gertec.Inventory.Management.Application.CommandStack.csproj", "{BF94EEC4-FAFA-4918-8CA2-27CFBA9915D3}"
EndProject
Project("{2150E333-8FDC-42A3-9474-1A3956D46DE8}") = "db", "db", "{97DCA941-9FB8-4F2A-9730-681B7A1692BF}"
	ProjectSection(SolutionItems) = preProject
		db\db-creation.sql = db\db-creation.sql
	EndProjectSection
EndProject
Project("{2150E333-8FDC-42A3-9474-1A3956D46DE8}") = "build", "build", "{CAA6A40B-C11F-410C-A98D-E722254BD9CA}"
	ProjectSection(SolutionItems) = preProject
		build\deploy.sh = build\deploy.sh
		build\deploy.ps1 = build\deploy.ps1
		src\docker-compose.yml = src\docker-compose.yml
		Dockerfile = Dockerfile
		src\.dockerignore = src\.dockerignore
	EndProjectSection
EndProject
Global
	GlobalSection(SolutionConfigurationPlatforms) = preSolution
		Debug|Any CPU = Debug|Any CPU
		Release|Any CPU = Release|Any CPU
	EndGlobalSection
	GlobalSection(ProjectConfigurationPlatforms) = postSolution
		{B4C94C36-80D8-414A-92EA-ACA99250F7F3}.Debug|Any CPU.ActiveCfg = Debug|Any CPU
		{B4C94C36-80D8-414A-92EA-ACA99250F7F3}.Debug|Any CPU.Build.0 = Debug|Any CPU
		{B4C94C36-80D8-414A-92EA-ACA99250F7F3}.Release|Any CPU.ActiveCfg = Release|Any CPU
		{B4C94C36-80D8-414A-92EA-ACA99250F7F3}.Release|Any CPU.Build.0 = Release|Any CPU
		{8B9E4F5A-D80B-43DE-AD10-AFFE541F534A}.Debug|Any CPU.ActiveCfg = Debug|Any CPU
		{8B9E4F5A-D80B-43DE-AD10-AFFE541F534A}.Debug|Any CPU.Build.0 = Debug|Any CPU
		{8B9E4F5A-D80B-43DE-AD10-AFFE541F534A}.Release|Any CPU.ActiveCfg = Release|Any CPU
		{8B9E4F5A-D80B-43DE-AD10-AFFE541F534A}.Release|Any CPU.Build.0 = Release|Any CPU
		{CC385A73-326B-4F9B-B30B-24C63A4589E5}.Debug|Any CPU.ActiveCfg = Debug|Any CPU
		{CC385A73-326B-4F9B-B30B-24C63A4589E5}.Debug|Any CPU.Build.0 = Debug|Any CPU
		{CC385A73-326B-4F9B-B30B-24C63A4589E5}.Release|Any CPU.ActiveCfg = Release|Any CPU
		{CC385A73-326B-4F9B-B30B-24C63A4589E5}.Release|Any CPU.Build.0 = Release|Any CPU
		{5D4E9D04-E82E-47BA-B7E0-38572B7889E1}.Debug|Any CPU.ActiveCfg = Debug|Any CPU
		{5D4E9D04-E82E-47BA-B7E0-38572B7889E1}.Debug|Any CPU.Build.0 = Debug|Any CPU
		{5D4E9D04-E82E-47BA-B7E0-38572B7889E1}.Release|Any CPU.ActiveCfg = Release|Any CPU
		{5D4E9D04-E82E-47BA-B7E0-38572B7889E1}.Release|Any CPU.Build.0 = Release|Any CPU
		{BF94EEC4-FAFA-4918-8CA2-27CFBA9915D3}.Debug|Any CPU.ActiveCfg = Debug|Any CPU
		{BF94EEC4-FAFA-4918-8CA2-27CFBA9915D3}.Debug|Any CPU.Build.0 = Debug|Any CPU
		{BF94EEC4-FAFA-4918-8CA2-27CFBA9915D3}.Release|Any CPU.ActiveCfg = Release|Any CPU
		{BF94EEC4-FAFA-4918-8CA2-27CFBA9915D3}.Release|Any CPU.Build.0 = Release|Any CPU
	EndGlobalSection
	GlobalSection(NestedProjects) = preSolution
		{B4C94C36-80D8-414A-92EA-ACA99250F7F3} = {FB8F2AEB-0C41-4192-AF6F-B607A2519A05}
		{8B9E4F5A-D80B-43DE-AD10-AFFE541F534A} = {FB8F2AEB-0C41-4192-AF6F-B607A2519A05}
		{CC385A73-326B-4F9B-B30B-24C63A4589E5} = {FB8F2AEB-0C41-4192-AF6F-B607A2519A05}
		{5D4E9D04-E82E-47BA-B7E0-38572B7889E1} = {FB8F2AEB-0C41-4192-AF6F-B607A2519A05}
		{BF94EEC4-FAFA-4918-8CA2-27CFBA9915D3} = {FB8F2AEB-0C41-4192-AF6F-B607A2519A05}
	EndGlobalSection
EndGlobal
